
Microsoft Visual Studio Solution File, Format Version 12.00
# Visual Studio Version 17
VisualStudioVersion = 17.11.35431.28
MinimumVisualStudioVersion = 10.0.40219.1
Project("{FAE04EC0-301F-11D3-BF4B-00C04F79EFBC}") = "Web", "Web\Web.csproj", "{1F7FAD2E-185B-4E0F-ACB4-B54379B336AE}"
EndProject
Project("{FAE04EC0-301F-11D3-BF4B-00C04F79EFBC}") = "Core", "Core\Core.csproj", "{2A34253B-9279-4897-8B96-FA76567CB8A9}"
EndProject
Project("{FAE04EC0-301F-11D3-BF4B-00C04F79EFBC}") = "Infrastucture", "Infrastucture\Infrastucture.csproj", "{039A9979-C210-4D55-8656-F55B0098B1F3}"
EndProject
Global
	GlobalSection(SolutionConfigurationPlatforms) = preSolution
		Debug|Any CPU = Debug|Any CPU
		Release|Any CPU = Release|Any CPU
	EndGlobalSection
	GlobalSection(ProjectConfigurationPlatforms) = postSolution
		{1F7FAD2E-185B-4E0F-ACB4-B54379B336AE}.Debug|Any CPU.ActiveCfg = Debug|Any CPU
		{1F7FAD2E-185B-4E0F-ACB4-B54379B336AE}.Debug|Any CPU.Build.0 = Debug|Any CPU
		{1F7FAD2E-185B-4E0F-ACB4-B54379B336AE}.Release|Any CPU.ActiveCfg = Release|Any CPU
		{1F7FAD2E-185B-4E0F-ACB4-B54379B336AE}.Release|Any CPU.Build.0 = Release|Any CPU
		{2A34253B-9279-4897-8B96-FA76567CB8A9}.Debug|Any CPU.ActiveCfg = Debug|Any CPU
		{2A34253B-9279-4897-8B96-FA76567CB8A9}.Debug|Any CPU.Build.0 = Debug|Any CPU
		{2A34253B-9279-4897-8B96-FA76567CB8A9}.Release|Any CPU.ActiveCfg = Release|Any CPU
		{2A34253B-9279-4897-8B96-FA76567CB8A9}.Release|Any CPU.Build.0 = Release|Any CPU
		{039A9979-C210-4D55-8656-F55B0098B1F3}.Debug|Any CPU.ActiveCfg = Debug|Any CPU
		{039A9979-C210-4D55-8656-F55B0098B1F3}.Debug|Any CPU.Build.0 = Debug|Any CPU
		{039A9979-C210-4D55-8656-F55B0098B1F3}.Release|Any CPU.ActiveCfg = Release|Any CPU
		{039A9979-C210-4D55-8656-F55B0098B1F3}.Release|Any CPU.Build.0 = Release|Any CPU
	EndGlobalSection
	GlobalSection(SolutionProperties) = preSolution
		HideSolutionNode = FALSE
	EndGlobalSection
	GlobalSection(ExtensibilityGlobals) = postSolution
		SolutionGuid = {F66A2DD5-4E90-4640-9F78-DA70DCB2655F}
	EndGlobalSection
EndGlobal
